
Microsoft Visual Studio Solution File, Format Version 12.00
# Visual Studio 15
VisualStudioVersion = 15.0.28307.1169
MinimumVisualStudioVersion = 10.0.40219.1
Project("{FAE04EC0-301F-11D3-BF4B-00C04F79EFBC}") = "GenerateClassByJson", "GenerateClassByJson.csproj", "{6A046AE1-0914-4B6C-B126-8B37E7033F11}"
EndProject
Global
	GlobalSection(SolutionConfigurationPlatforms) = preSolution
		Debug|Any CPU = Debug|Any CPU
		Release|Any CPU = Release|Any CPU
	EndGlobalSection
	GlobalSection(ProjectConfigurationPlatforms) = postSolution
		{6A046AE1-0914-4B6C-B126-8B37E7033F11}.Debug|Any CPU.ActiveCfg = Debug|Any CPU
		{6A046AE1-0914-4B6C-B126-8B37E7033F11}.Debug|Any CPU.Build.0 = Debug|Any CPU
		{6A046AE1-0914-4B6C-B126-8B37E7033F11}.Release|Any CPU.ActiveCfg = Release|Any CPU
		{6A046AE1-0914-4B6C-B126-8B37E7033F11}.Release|Any CPU.Build.0 = Release|Any CPU
	EndGlobalSection
	GlobalSection(SolutionProperties) = preSolution
		HideSolutionNode = FALSE
	EndGlobalSection
	GlobalSection(ExtensibilityGlobals) = postSolution
		SolutionGuid = {D4F3A1E9-DD92-43AE-B022-0B102BB2BF0D}
	EndGlobalSection
EndGlobal
